
Microsoft Visual Studio Solution File, Format Version 12.00
# Visual Studio 15
VisualStudioVersion = 15.0.28307.1062
MinimumVisualStudioVersion = 10.0.40219.1
Project("{888888A0-9F3D-457C-B088-3A5042F75D52}") = "custom_image_plots", "custom_image_plots.pyproj", "{014C6EC7-3908-4C4F-B01C-3EC1A1A88FDF}"
EndProject
Global
	GlobalSection(SolutionConfigurationPlatforms) = preSolution
		Debug|Any CPU = Debug|Any CPU
		Debug|x64 = Debug|x64
		Release|Any CPU = Release|Any CPU
		Release|x64 = Release|x64
		Test|Any CPU = Test|Any CPU
		Test|x64 = Test|x64
	EndGlobalSection
	GlobalSection(ProjectConfigurationPlatforms) = postSolution
		{014C6EC7-3908-4C4F-B01C-3EC1A1A88FDF}.Debug|Any CPU.ActiveCfg = Debug|Any CPU
		{014C6EC7-3908-4C4F-B01C-3EC1A1A88FDF}.Debug|x64.ActiveCfg = Debug|Any CPU
		{014C6EC7-3908-4C4F-B01C-3EC1A1A88FDF}.Release|Any CPU.ActiveCfg = Release|Any CPU
		{014C6EC7-3908-4C4F-B01C-3EC1A1A88FDF}.Release|x64.ActiveCfg = Release|Any CPU
		{014C6EC7-3908-4C4F-B01C-3EC1A1A88FDF}.Test|Any CPU.ActiveCfg = Test|Any CPU
		{014C6EC7-3908-4C4F-B01C-3EC1A1A88FDF}.Test|x64.ActiveCfg = Test|Any CPU
	EndGlobalSection
	GlobalSection(SolutionProperties) = preSolution
		HideSolutionNode = FALSE
	EndGlobalSection
	GlobalSection(ExtensibilityGlobals) = postSolution
		SolutionGuid = {195FA09F-F191-4458-A339-5C6AC6B65C6F}
	EndGlobalSection
EndGlobal
